
Microsoft Visual Studio Solution File, Format Version 12.00
# Visual Studio 2013
VisualStudioVersion = 12.0.21005.1
MinimumVisualStudioVersion = 10.0.40219.1
Project("{FAE04EC0-301F-11D3-BF4B-00C04F79EFBC}") = "HeartBeat", "HeartBeat\HeartBeat.csproj", "{9466681B-25FF-4A7D-8A9A-D119A6443D7C}"
EndProject
Project("{FAE04EC0-301F-11D3-BF4B-00C04F79EFBC}") = "HatoDraw", "HatoDraw\HatoDraw.csproj", "{BFEA1D98-A55A-4E09-A6DC-EAA0C41460E7}"
EndProject
Project("{FAE04EC0-301F-11D3-BF4B-00C04F79EFBC}") = "HatoLib", "HatoLib\HatoLib.csproj", "{9C573AAE-1884-4DE0-854F-BC31F1FD65E0}"
EndProject
Project("{FAE04EC0-301F-11D3-BF4B-00C04F79EFBC}") = "HatoSound", "HatoSound\HatoSound.csproj", "{4135359A-29A0-47B8-8FC8-9D0C8AF8ECF1}"
EndProject
Project("{FAE04EC0-301F-11D3-BF4B-00C04F79EFBC}") = "HatoBMSLib", "HatoBMSLib\HatoBMSLib.csproj", "{D7648545-0D27-4F77-8584-CE3FE3B6F44A}"
EndProject
Project("{FAE04EC0-301F-11D3-BF4B-00C04F79EFBC}") = "HeartBeatCore", "HeartBeatCore\HeartBeatCore.csproj", "{ABDA5D8F-19BD-4FA8-906B-59F6BDDF1207}"
EndProject
Project("{FAE04EC0-301F-11D3-BF4B-00C04F79EFBC}") = "HeartBeatBeta", "HeartBeatBeta\HeartBeatBeta.csproj", "{B11A5637-4676-48CA-920C-82186308E1A7}"
	ProjectSection(ProjectDependencies) = postProject
		{C93E705A-FFE0-436F-825D-D73BE78ABFAD} = {C93E705A-FFE0-436F-825D-D73BE78ABFAD}
	EndProjectSection
EndProject
Project("{FAE04EC0-301F-11D3-BF4B-00C04F79EFBC}") = "HatoPainter", "HatoPainter\HatoPainter.csproj", "{7346C91F-817D-47AB-B584-FB05A34390FF}"
EndProject
Project("{FAE04EC0-301F-11D3-BF4B-00C04F79EFBC}") = "HatoDSP", "HatoDSP\HatoDSP.csproj", "{CF6B7A50-1511-4208-9333-C26B80CB9CF1}"
EndProject
Project("{FAE04EC0-301F-11D3-BF4B-00C04F79EFBC}") = "HatoDSPTest", "HatoDSPTest\HatoDSPTest.csproj", "{72E1C880-214A-48A4-ADE8-B041EE576FF3}"
EndProject
Project("{FAE04EC0-301F-11D3-BF4B-00C04F79EFBC}") = "HatoDSPSample", "HatoDSPSample\HatoDSPSample.csproj", "{B2EDE1C3-FA3D-48E2-809D-26C8764F109D}"
EndProject
Project("{8BC9CEB8-8B4A-11D0-8D11-00A0C91BC942}") = "ASIOHost", "ASIOHost\ASIOHost.vcxproj", "{C93E705A-FFE0-436F-825D-D73BE78ABFAD}"
EndProject
Project("{FAE04EC0-301F-11D3-BF4B-00C04F79EFBC}") = "ASIOTest", "ASIOTest\ASIOTest.csproj", "{A1606BDA-3075-4431-B19D-99986F36C4B5}"
	ProjectSection(ProjectDependencies) = postProject
		{C93E705A-FFE0-436F-825D-D73BE78ABFAD} = {C93E705A-FFE0-436F-825D-D73BE78ABFAD}
	EndProjectSection
EndProject
Project("{FAE04EC0-301F-11D3-BF4B-00C04F79EFBC}") = "HatoPlayer", "HatoPlayer\HatoPlayer.csproj", "{94B5907D-6278-4D22-B95C-5D58DD5BED4F}"
EndProject
Project("{8BC9CEB8-8B4A-11D0-8D11-00A0C91BC942}") = "HatoDSPFast", "HatoDSPFast\HatoDSPFast.vcxproj", "{04121012-B04B-4AF8-AD09-4E92674D531F}"
EndProject
Project("{FAE04EC0-301F-11D3-BF4B-00C04F79EFBC}") = "HatoSynthGUI", "HatoSynthGUI\HatoSynthGUI.csproj", "{9AFE39AE-1334-4CAF-9EC9-998372F75CC4}"
	ProjectSection(ProjectDependencies) = postProject
		{C93E705A-FFE0-436F-825D-D73BE78ABFAD} = {C93E705A-FFE0-436F-825D-D73BE78ABFAD}
	EndProjectSection
EndProject
Global
	GlobalSection(SolutionConfigurationPlatforms) = preSolution
		Debug|x64 = Debug|x64
		Debug|x86 = Debug|x86
		Release|x64 = Release|x64
		Release|x86 = Release|x86
	EndGlobalSection
	GlobalSection(ProjectConfigurationPlatforms) = postSolution
		{9466681B-25FF-4A7D-8A9A-D119A6443D7C}.Debug|x64.ActiveCfg = Debug|Any CPU
		{9466681B-25FF-4A7D-8A9A-D119A6443D7C}.Debug|x86.ActiveCfg = Debug|Any CPU
		{9466681B-25FF-4A7D-8A9A-D119A6443D7C}.Debug|x86.Build.0 = Debug|Any CPU
		{9466681B-25FF-4A7D-8A9A-D119A6443D7C}.Release|x64.ActiveCfg = Release|Any CPU
		{9466681B-25FF-4A7D-8A9A-D119A6443D7C}.Release|x64.Build.0 = Release|Any CPU
		{9466681B-25FF-4A7D-8A9A-D119A6443D7C}.Release|x86.ActiveCfg = Release|Any CPU
		{9466681B-25FF-4A7D-8A9A-D119A6443D7C}.Release|x86.Build.0 = Release|Any CPU
		{BFEA1D98-A55A-4E09-A6DC-EAA0C41460E7}.Debug|x64.ActiveCfg = Debug|Any CPU
		{BFEA1D98-A55A-4E09-A6DC-EAA0C41460E7}.Debug|x86.ActiveCfg = Debug|Any CPU
		{BFEA1D98-A55A-4E09-A6DC-EAA0C41460E7}.Debug|x86.Build.0 = Debug|Any CPU
		{BFEA1D98-A55A-4E09-A6DC-EAA0C41460E7}.Release|x64.ActiveCfg = Release|Any CPU
		{BFEA1D98-A55A-4E09-A6DC-EAA0C41460E7}.Release|x86.ActiveCfg = Release|Any CPU
		{BFEA1D98-A55A-4E09-A6DC-EAA0C41460E7}.Release|x86.Build.0 = Release|Any CPU
		{9C573AAE-1884-4DE0-854F-BC31F1FD65E0}.Debug|x64.ActiveCfg = Debug|Any CPU
		{9C573AAE-1884-4DE0-854F-BC31F1FD65E0}.Debug|x86.ActiveCfg = Debug|Any CPU
		{9C573AAE-1884-4DE0-854F-BC31F1FD65E0}.Debug|x86.Build.0 = Debug|Any CPU
		{9C573AAE-1884-4DE0-854F-BC31F1FD65E0}.Release|x64.ActiveCfg = Release|Any CPU
		{9C573AAE-1884-4DE0-854F-BC31F1FD65E0}.Release|x64.Build.0 = Release|Any CPU
		{9C573AAE-1884-4DE0-854F-BC31F1FD65E0}.Release|x86.ActiveCfg = Release|Any CPU
		{9C573AAE-1884-4DE0-854F-BC31F1FD65E0}.Release|x86.Build.0 = Release|Any CPU
		{4135359A-29A0-47B8-8FC8-9D0C8AF8ECF1}.Debug|x64.ActiveCfg = Debug|Any CPU
		{4135359A-29A0-47B8-8FC8-9D0C8AF8ECF1}.Debug|x86.ActiveCfg = Debug|Any CPU
		{4135359A-29A0-47B8-8FC8-9D0C8AF8ECF1}.Debug|x86.Build.0 = Debug|Any CPU
		{4135359A-29A0-47B8-8FC8-9D0C8AF8ECF1}.Release|x64.ActiveCfg = Release|Any CPU
		{4135359A-29A0-47B8-8FC8-9D0C8AF8ECF1}.Release|x64.Build.0 = Release|Any CPU
		{4135359A-29A0-47B8-8FC8-9D0C8AF8ECF1}.Release|x86.ActiveCfg = Release|Any CPU
		{4135359A-29A0-47B8-8FC8-9D0C8AF8ECF1}.Release|x86.Build.0 = Release|Any CPU
		{D7648545-0D27-4F77-8584-CE3FE3B6F44A}.Debug|x64.ActiveCfg = Debug|Any CPU
		{D7648545-0D27-4F77-8584-CE3FE3B6F44A}.Debug|x86.ActiveCfg = Debug|Any CPU
		{D7648545-0D27-4F77-8584-CE3FE3B6F44A}.Debug|x86.Build.0 = Debug|Any CPU
		{D7648545-0D27-4F77-8584-CE3FE3B6F44A}.Release|x64.ActiveCfg = Release|Any CPU
		{D7648545-0D27-4F77-8584-CE3FE3B6F44A}.Release|x86.ActiveCfg = Release|Any CPU
		{D7648545-0D27-4F77-8584-CE3FE3B6F44A}.Release|x86.Build.0 = Release|Any CPU
		{ABDA5D8F-19BD-4FA8-906B-59F6BDDF1207}.Debug|x64.ActiveCfg = Debug|Any CPU
		{ABDA5D8F-19BD-4FA8-906B-59F6BDDF1207}.Debug|x86.ActiveCfg = Debug|Any CPU
		{ABDA5D8F-19BD-4FA8-906B-59F6BDDF1207}.Debug|x86.Build.0 = Debug|Any CPU
		{ABDA5D8F-19BD-4FA8-906B-59F6BDDF1207}.Release|x64.ActiveCfg = Release|Any CPU
		{ABDA5D8F-19BD-4FA8-906B-59F6BDDF1207}.Release|x64.Build.0 = Release|Any CPU
		{ABDA5D8F-19BD-4FA8-906B-59F6BDDF1207}.Release|x86.ActiveCfg = Release|Any CPU
		{ABDA5D8F-19BD-4FA8-906B-59F6BDDF1207}.Release|x86.Build.0 = Release|Any CPU
		{B11A5637-4676-48CA-920C-82186308E1A7}.Debug|x64.ActiveCfg = Debug|Any CPU
		{B11A5637-4676-48CA-920C-82186308E1A7}.Debug|x86.ActiveCfg = Debug|Any CPU
		{B11A5637-4676-48CA-920C-82186308E1A7}.Debug|x86.Build.0 = Debug|Any CPU
		{B11A5637-4676-48CA-920C-82186308E1A7}.Release|x64.ActiveCfg = Release|Any CPU
		{B11A5637-4676-48CA-920C-82186308E1A7}.Release|x64.Build.0 = Release|Any CPU
		{B11A5637-4676-48CA-920C-82186308E1A7}.Release|x86.ActiveCfg = Release|Any CPU
		{B11A5637-4676-48CA-920C-82186308E1A7}.Release|x86.Build.0 = Release|Any CPU
		{7346C91F-817D-47AB-B584-FB05A34390FF}.Debug|x64.ActiveCfg = Debug|Any CPU
		{7346C91F-817D-47AB-B584-FB05A34390FF}.Debug|x86.ActiveCfg = Debug|Any CPU
		{7346C91F-817D-47AB-B584-FB05A34390FF}.Debug|x86.Build.0 = Debug|Any CPU
		{7346C91F-817D-47AB-B584-FB05A34390FF}.Release|x64.ActiveCfg = Release|Any CPU
		{7346C91F-817D-47AB-B584-FB05A34390FF}.Release|x64.Build.0 = Release|Any CPU
		{7346C91F-817D-47AB-B584-FB05A34390FF}.Release|x86.ActiveCfg = Release|Any CPU
		{7346C91F-817D-47AB-B584-FB05A34390FF}.Release|x86.Build.0 = Release|Any CPU
		{CF6B7A50-1511-4208-9333-C26B80CB9CF1}.Debug|x64.ActiveCfg = Debug|Any CPU
		{CF6B7A50-1511-4208-9333-C26B80CB9CF1}.Debug|x86.ActiveCfg = Debug|Any CPU
		{CF6B7A50-1511-4208-9333-C26B80CB9CF1}.Debug|x86.Build.0 = Debug|Any CPU
		{CF6B7A50-1511-4208-9333-C26B80CB9CF1}.Release|x64.ActiveCfg = Release|Any CPU
		{CF6B7A50-1511-4208-9333-C26B80CB9CF1}.Release|x64.Build.0 = Release|Any CPU
		{CF6B7A50-1511-4208-9333-C26B80CB9CF1}.Release|x86.ActiveCfg = Release|Any CPU
		{CF6B7A50-1511-4208-9333-C26B80CB9CF1}.Release|x86.Build.0 = Release|Any CPU
		{72E1C880-214A-48A4-ADE8-B041EE576FF3}.Debug|x64.ActiveCfg = Debug|Any CPU
		{72E1C880-214A-48A4-ADE8-B041EE576FF3}.Debug|x86.ActiveCfg = Debug|Any CPU
		{72E1C880-214A-48A4-ADE8-B041EE576FF3}.Debug|x86.Build.0 = Debug|Any CPU
		{72E1C880-214A-48A4-ADE8-B041EE576FF3}.Release|x64.ActiveCfg = Release|Any CPU
		{72E1C880-214A-48A4-ADE8-B041EE576FF3}.Release|x64.Build.0 = Release|Any CPU
		{72E1C880-214A-48A4-ADE8-B041EE576FF3}.Release|x86.ActiveCfg = Release|Any CPU
		{72E1C880-214A-48A4-ADE8-B041EE576FF3}.Release|x86.Build.0 = Release|Any CPU
		{B2EDE1C3-FA3D-48E2-809D-26C8764F109D}.Debug|x64.ActiveCfg = Debug|Any CPU
		{B2EDE1C3-FA3D-48E2-809D-26C8764F109D}.Debug|x86.ActiveCfg = Debug|Any CPU
		{B2EDE1C3-FA3D-48E2-809D-26C8764F109D}.Debug|x86.Build.0 = Debug|Any CPU
		{B2EDE1C3-FA3D-48E2-809D-26C8764F109D}.Release|x64.ActiveCfg = Release|Any CPU
		{B2EDE1C3-FA3D-48E2-809D-26C8764F109D}.Release|x64.Build.0 = Release|Any CPU
		{B2EDE1C3-FA3D-48E2-809D-26C8764F109D}.Release|x86.ActiveCfg = Release|Any CPU
		{B2EDE1C3-FA3D-48E2-809D-26C8764F109D}.Release|x86.Build.0 = Release|Any CPU
		{C93E705A-FFE0-436F-825D-D73BE78ABFAD}.Debug|x64.ActiveCfg = Debug|Win32
		{C93E705A-FFE0-436F-825D-D73BE78ABFAD}.Debug|x86.ActiveCfg = Debug|Win32
		{C93E705A-FFE0-436F-825D-D73BE78ABFAD}.Debug|x86.Build.0 = Debug|Win32
		{C93E705A-FFE0-436F-825D-D73BE78ABFAD}.Release|x64.ActiveCfg = Release|Win32
		{C93E705A-FFE0-436F-825D-D73BE78ABFAD}.Release|x86.ActiveCfg = Release|Win32
		{C93E705A-FFE0-436F-825D-D73BE78ABFAD}.Release|x86.Build.0 = Release|Win32
		{A1606BDA-3075-4431-B19D-99986F36C4B5}.Debug|x64.ActiveCfg = Debug|Any CPU
		{A1606BDA-3075-4431-B19D-99986F36C4B5}.Debug|x86.ActiveCfg = Debug|Any CPU
		{A1606BDA-3075-4431-B19D-99986F36C4B5}.Debug|x86.Build.0 = Debug|Any CPU
		{A1606BDA-3075-4431-B19D-99986F36C4B5}.Release|x64.ActiveCfg = Release|Any CPU
		{A1606BDA-3075-4431-B19D-99986F36C4B5}.Release|x86.ActiveCfg = Release|Any CPU
		{A1606BDA-3075-4431-B19D-99986F36C4B5}.Release|x86.Build.0 = Release|Any CPU
		{94B5907D-6278-4D22-B95C-5D58DD5BED4F}.Debug|x64.ActiveCfg = Debug|Any CPU
		{94B5907D-6278-4D22-B95C-5D58DD5BED4F}.Debug|x86.ActiveCfg = Debug|Any CPU
		{94B5907D-6278-4D22-B95C-5D58DD5BED4F}.Debug|x86.Build.0 = Debug|Any CPU
		{94B5907D-6278-4D22-B95C-5D58DD5BED4F}.Release|x64.ActiveCfg = Release|Any CPU
		{94B5907D-6278-4D22-B95C-5D58DD5BED4F}.Release|x64.Build.0 = Release|Any CPU
		{94B5907D-6278-4D22-B95C-5D58DD5BED4F}.Release|x86.ActiveCfg = Release|Any CPU
		{94B5907D-6278-4D22-B95C-5D58DD5BED4F}.Release|x86.Build.0 = Release|Any CPU
		{04121012-B04B-4AF8-AD09-4E92674D531F}.Debug|x64.ActiveCfg = Debug|x64
		{04121012-B04B-4AF8-AD09-4E92674D531F}.Debug|x64.Build.0 = Debug|x64
		{04121012-B04B-4AF8-AD09-4E92674D531F}.Debug|x86.ActiveCfg = Debug|Win32
		{04121012-B04B-4AF8-AD09-4E92674D531F}.Debug|x86.Build.0 = Debug|Win32
		{04121012-B04B-4AF8-AD09-4E92674D531F}.Release|x64.ActiveCfg = Release|x64
		{04121012-B04B-4AF8-AD09-4E92674D531F}.Release|x64.Build.0 = Release|x64
		{04121012-B04B-4AF8-AD09-4E92674D531F}.Release|x86.ActiveCfg = Release|Win32
		{04121012-B04B-4AF8-AD09-4E92674D531F}.Release|x86.Build.0 = Release|Win32
		{9AFE39AE-1334-4CAF-9EC9-998372F75CC4}.Debug|x64.ActiveCfg = Debug|Any CPU
		{9AFE39AE-1334-4CAF-9EC9-998372F75CC4}.Debug|x86.ActiveCfg = Debug|Any CPU
		{9AFE39AE-1334-4CAF-9EC9-998372F75CC4}.Debug|x86.Build.0 = Debug|Any CPU
		{9AFE39AE-1334-4CAF-9EC9-998372F75CC4}.Release|x64.ActiveCfg = Release|Any CPU
		{9AFE39AE-1334-4CAF-9EC9-998372F75CC4}.Release|x64.Build.0 = Release|Any CPU
		{9AFE39AE-1334-4CAF-9EC9-998372F75CC4}.Release|x86.ActiveCfg = Release|Any CPU
		{9AFE39AE-1334-4CAF-9EC9-998372F75CC4}.Release|x86.Build.0 = Release|Any CPU
	EndGlobalSection
	GlobalSection(SolutionProperties) = preSolution
		HideSolutionNode = FALSE
	EndGlobalSection
EndGlobal
